<?xml version="1.0" encoding="utf-8"?>
<Project ToolsVersion="4.0" xmlns="http://schemas.microsoft.com/developer/msbuild/2003">
  <ItemGroup>
    <Filter Include="Source Files">
      <UniqueIdentifier>{4FC737F1-C7A5-4376-A066-2A32D752A2FF}</UniqueIdentifier>
      <Extensions>cpp;c;cc;cxx;def;odl;idl;hpj;bat;asm;asmx</Extensions>
    </Filter>
    <Filter Include="Header Files">
      <UniqueIdentifier>{93995380-89BD-4b04-88EB-625FBE52EBFB}</UniqueIdentifier>
      <Extensions>h;hpp;hxx;hm;inl;inc;xsd</Extensions>
    </Filter>
    <Filter Include="Resource Files">
      <UniqueIdentifier>{67DA6AB6-F800-4c08-8B7A-83BB121AAD01}</UniqueIdentifier>
      <Extensions>rc;ico;cur;bmp;dlg;rc2;rct;bin;rgs;gif;jpg;jpeg;jpe;resx;tiff;tif;png;wav;mfcribbon-ms</Extensions>
    </Filter>
    <Filter Include="Header Files\algorithm">
      <UniqueIdentifier>{88acd789-e09a-4573-8f77-e2dda8f2ab77}</UniqueIdentifier>
    </Filter>
    <Filter Include="Header Files\graphics">
      <UniqueIdentifier>{db013b8f-e73b-4f0b-b811-2f415961bd55}</UniqueIdentifier>
    </Filter>
    <Filter Include="Header Files\IO">
      <UniqueIdentifier>{b92061b1-4ea4-4e0f-a3a6-9df0c16c7736}</UniqueIdentifier>
    </Filter>
    <Filter Include="Source Files\algorithm">
      <UniqueIdentifier>{379aecca-d3c7-4a83-b35e-b7ea020a65fd}</UniqueIdentifier>
    </Filter>
    <Filter Include="Source Files\graphics">
      <UniqueIdentifier>{302371b4-b0f9-4211-82fd-b98b6c1d9992}</UniqueIdentifier>
    </Filter>
    <Filter Include="Source Files\IO">
      <UniqueIdentifier>{a9c3f288-4a78-4f81-a858-a48ff575e15e}</UniqueIdentifier>
    </Filter>
    <Filter Include="nv_shared">
      <UniqueIdentifier>{5fe134eb-95b8-46f0-b133-7655589739aa}</UniqueIdentifier>
    </Filter>
  </ItemGroup>
  <ItemGroup>
    <None Include="ReadMe.txt" />
  </ItemGroup>
  <ItemGroup>
    <ClCompile Include="..\code\algorithm\kdtree_common.cc">
      <Filter>Source Files\algorithm</Filter>
    </ClCompile>
    <ClCompile Include="..\code\graphics\Assert.cpp">
      <Filter>Source Files\graphics</Filter>
    </ClCompile>
    <ClCompile Include="..\code\graphics\CheckGLError.cpp">
      <Filter>Source Files\graphics</Filter>
    </ClCompile>
    <ClCompile Include="..\code\graphics\checks.cpp">
      <Filter>Source Files\graphics</Filter>
    </ClCompile>
    <ClCompile Include="..\code\graphics\fpTexture.cpp">
      <Filter>Source Files\graphics</Filter>
    </ClCompile>
    <ClCompile Include="..\code\graphics\Framebuffer.cpp">
      <Filter>Source Files\graphics</Filter>
    </ClCompile>
    <ClCompile Include="..\code\graphics\glewContext.cpp">
      <Filter>Source Files\graphics</Filter>
    </ClCompile>
    <ClCompile Include="..\code\graphics\glslShader.cpp">
      <Filter>Source Files\graphics</Filter>
    </ClCompile>
    <ClCompile Include="..\code\graphics\OGL_Utils.cpp">
      <Filter>Source Files\graphics</Filter>
    </ClCompile>
    <ClCompile Include="..\code\graphics\UniformBuffer.cpp">
      <Filter>Source Files\graphics</Filter>
    </ClCompile>
    <ClCompile Include="..\code\graphics\WGLFONT.cpp">
      <Filter>Source Files\graphics</Filter>
    </ClCompile>
    <ClCompile Include="..\code\IO\tga.cpp">
      <Filter>Source Files\IO</Filter>
    </ClCompile>
    <ClCompile Include="..\code\IO\tinystr.cpp">
      <Filter>Source Files\IO</Filter>
    </ClCompile>
    <ClCompile Include="..\code\IO\tinyxml.cpp">
      <Filter>Source Files\IO</Filter>
    </ClCompile>
    <ClCompile Include="..\code\IO\tinyxmlerror.cpp">
      <Filter>Source Files\IO</Filter>
    </ClCompile>
    <ClCompile Include="..\code\IO\tinyxmlparser.cpp">
      <Filter>Source Files\IO</Filter>
    </ClCompile>
    <ClCompile Include="..\code\algorithm\math3d.cpp">
      <Filter>Source Files\algorithm</Filter>
    </ClCompile>
    <ClCompile Include="..\code\algorithm\nv_math.cpp">
      <Filter>Source Files\algorithm</Filter>
    </ClCompile>
    <ClCompile Include="..\code\TextUtils.cpp">
      <Filter>Source Files</Filter>
    </ClCompile>
    <ClCompile Include="..\code\nv_dds\nv_dds.cpp">
      <Filter>nv_shared</Filter>
    </ClCompile>
    <ClCompile Include="..\code\nvImage\nvImage.cpp">
      <Filter>nv_shared</Filter>
    </ClCompile>
    <ClCompile Include="..\code\nvImage\nvImageDDS.cpp">
      <Filter>nv_shared</Filter>
    </ClCompile>
  </ItemGroup>
  <ItemGroup>
    <ClInclude Include="..\code\algorithm\BinSearch.h">
      <Filter>Header Files\algorithm</Filter>
    </ClInclude>
    <ClInclude Include="..\code\algorithm\graph.h">
      <Filter>Header Files\algorithm</Filter>
    </ClInclude>
    <ClInclude Include="..\code\algorithm\kdtree_common.h">
      <Filter>Header Files\algorithm</Filter>
    </ClInclude>
    <ClInclude Include="..\code\algorithm\list.h">
      <Filter>Header Files\algorithm</Filter>
    </ClInclude>
    <ClInclude Include="..\code\graphics\Assert.h">
      <Filter>Header Files\graphics</Filter>
    </ClInclude>
    <ClInclude Include="..\code\graphics\CheckGLError.h">
      <Filter>Header Files\graphics</Filter>
    </ClInclude>
    <ClInclude Include="..\code\graphics\checks.h">
      <Filter>Header Files\graphics</Filter>
    </ClInclude>
    <ClInclude Include="..\code\graphics\fpTexture.h">
      <Filter>Header Files\graphics</Filter>
    </ClInclude>
    <ClInclude Include="..\code\graphics\Framebuffer.h">
      <Filter>Header Files\graphics</Filter>
    </ClInclude>
    <ClInclude Include="..\code\graphics\GlBufferObject.h">
      <Filter>Header Files\graphics</Filter>
    </ClInclude>
    <ClInclude Include="..\code\graphics\glewContext.h">
      <Filter>Header Files\graphics</Filter>
    </ClInclude>
    <ClInclude Include="..\code\graphics\glslShader.h">
      <Filter>Header Files\graphics</Filter>
    </ClInclude>
    <ClInclude Include="..\code\graphics\OGL_Utils.h">
      <Filter>Header Files\graphics</Filter>
    </ClInclude>
    <ClInclude Include="..\code\graphics\UniformBuffer.h">
      <Filter>Header Files\graphics</Filter>
    </ClInclude>
    <ClInclude Include="..\code\graphics\WGLFONT.h">
      <Filter>Header Files\graphics</Filter>
    </ClInclude>
    <ClInclude Include="..\code\IO\tga.h">
      <Filter>Header Files\IO</Filter>
    </ClInclude>
    <ClInclude Include="..\code\IO\tinystr.h">
      <Filter>Header Files\IO</Filter>
    </ClInclude>
    <ClInclude Include="..\code\IO\tinyxml.h">
      <Filter>Header Files\IO</Filter>
    </ClInclude>
    <ClInclude Include="..\code\algorithm\math3d.h">
      <Filter>Header Files\algorithm</Filter>
    </ClInclude>
    <ClInclude Include="..\code\algorithm\nv_algebra.h">
      <Filter>Header Files\algorithm</Filter>
    </ClInclude>
    <ClInclude Include="..\code\algorithm\nv_mathdecl.h">
      <Filter>Header Files\algorithm</Filter>
    </ClInclude>
    <ClInclude Include="..\code\algorithm\nv_math.h">
      <Filter>Header Files\algorithm</Filter>
    </ClInclude>
    <ClInclude Include="..\code\TextUtils.h">
      <Filter>Header Files</Filter>
    </ClInclude>
    <ClInclude Include="..\code\Delegate.h">
      <Filter>Header Files</Filter>
    </ClInclude>
    <ClInclude Include="..\code\nv_dds\nv_dds.h">
      <Filter>nv_shared</Filter>
    </ClInclude>
    <ClInclude Include="..\code\nvImage\nvImage.h">
      <Filter>nv_shared</Filter>
    </ClInclude>
  </ItemGroup>
</Project>