<?xml version="1.0" encoding="utf-8"?>
<Project ToolsVersion="4.0" xmlns="http://schemas.microsoft.com/developer/msbuild/2003">
  <ItemGroup>
    <Filter Include="Source Files">
      <UniqueIdentifier>{4FC737F1-C7A5-4376-A066-2A32D752A2FF}</UniqueIdentifier>
      <Extensions>cpp;c;cc;cxx;def;odl;idl;hpj;bat;asm;asmx</Extensions>
    </Filter>
    <Filter Include="Header Files">
      <UniqueIdentifier>{93995380-89BD-4b04-88EB-625FBE52EBFB}</UniqueIdentifier>
      <Extensions>h;hpp;hxx;hm;inl;inc;xsd</Extensions>
    </Filter>
    <Filter Include="Resource Files">
      <UniqueIdentifier>{67DA6AB6-F800-4c08-8B7A-83BB121AAD01}</UniqueIdentifier>
      <Extensions>rc;ico;cur;bmp;dlg;rc2;rct;bin;rgs;gif;jpg;jpeg;jpe;resx;tiff;tif;png;wav;mfcribbon-ms</Extensions>
    </Filter>
    <Filter Include="GPU Cache">
      <UniqueIdentifier>{6ad5100a-a50c-41b3-b3af-bb3caf7a546b}</UniqueIdentifier>
    </Filter>
  </ItemGroup>
  <ItemGroup>
    <None Include="ReadMe.txt" />
  </ItemGroup>
  <ItemGroup>
    <ClCompile Include="..\code\shared_glsl.cpp">
      <Filter>Source Files</Filter>
    </ClCompile>
    <ClCompile Include="..\code\shared_materials.cpp">
      <Filter>Source Files</Filter>
    </ClCompile>
    <ClCompile Include="..\code\shared_shaders.cpp">
      <Filter>Source Files</Filter>
    </ClCompile>
    <ClCompile Include="..\code\shared_textures.cpp">
      <Filter>Source Files</Filter>
    </ClCompile>
    <ClCompile Include="..\code\shared_models.cpp">
      <Filter>Source Files</Filter>
    </ClCompile>
    <ClCompile Include="..\code\shared_misc.cpp">
      <Filter>Source Files</Filter>
    </ClCompile>
    <ClCompile Include="..\code\shared_camera.cpp">
      <Filter>Source Files</Filter>
    </ClCompile>
    <ClCompile Include="..\code\shared_lights.cpp">
      <Filter>Source Files</Filter>
    </ClCompile>
    <ClCompile Include="..\code\utils_shaders.cpp">
      <Filter>Source Files</Filter>
    </ClCompile>
    <ClCompile Include="..\code\shared_projectors.cpp">
      <Filter>Source Files</Filter>
    </ClCompile>
    <ClCompile Include="..\code\ShaderFX.cpp">
      <Filter>Source Files</Filter>
    </ClCompile>
    <ClCompile Include="..\code\gpucacheloader.cpp">
      <Filter>GPU Cache</Filter>
    </ClCompile>
    <ClCompile Include="..\code\gpucachemodel.cpp">
      <Filter>GPU Cache</Filter>
    </ClCompile>
    <ClCompile Include="..\code\gpucachesaver.cpp">
      <Filter>GPU Cache</Filter>
    </ClCompile>
    <ClCompile Include="..\code\gpucachesaverqueryimpl.cpp">
      <Filter>GPU Cache</Filter>
    </ClCompile>
    <ClCompile Include="..\code\gpucacheloadervisitorimpl.cpp">
      <Filter>GPU Cache</Filter>
    </ClCompile>
  </ItemGroup>
  <ItemGroup>
    <ClInclude Include="..\code\shared_glsl.h">
      <Filter>Header Files</Filter>
    </ClInclude>
    <ClInclude Include="..\code\shared_materials.h">
      <Filter>Header Files</Filter>
    </ClInclude>
    <ClInclude Include="..\code\shared_shaders.h">
      <Filter>Header Files</Filter>
    </ClInclude>
    <ClInclude Include="..\code\shared_textures.h">
      <Filter>Header Files</Filter>
    </ClInclude>
    <ClInclude Include="..\code\utils_shaders.h">
      <Filter>Header Files</Filter>
    </ClInclude>
    <ClInclude Include="..\code\shared_models.h">
      <Filter>Header Files</Filter>
    </ClInclude>
    <ClInclude Include="..\code\shared_misc.h">
      <Filter>Header Files</Filter>
    </ClInclude>
    <ClInclude Include="..\code\shared_camera.h">
      <Filter>Header Files</Filter>
    </ClInclude>
    <ClInclude Include="..\code\shared_rendering.h">
      <Filter>Header Files</Filter>
    </ClInclude>
    <ClInclude Include="..\code\shared_lights.h">
      <Filter>Header Files</Filter>
    </ClInclude>
    <ClInclude Include="..\code\shared_projectors.h">
      <Filter>Header Files</Filter>
    </ClInclude>
    <ClInclude Include="..\code\ShaderFX.h">
      <Filter>Header Files</Filter>
    </ClInclude>
    <ClInclude Include="..\code\ShaderFX_enums.h">
      <Filter>Header Files</Filter>
    </ClInclude>
    <ClInclude Include="gpucacheloadervisitor.h">
      <Filter>GPU Cache</Filter>
    </ClInclude>
    <ClInclude Include="..\code\gpucacheloader.h">
      <Filter>GPU Cache</Filter>
    </ClInclude>
    <ClInclude Include="..\code\gpucachemodel.h">
      <Filter>GPU Cache</Filter>
    </ClInclude>
    <ClInclude Include="..\code\gpucachesaver.h">
      <Filter>GPU Cache</Filter>
    </ClInclude>
    <ClInclude Include="..\code\gpucachesaverqueryimpl.h">
      <Filter>GPU Cache</Filter>
    </ClInclude>
    <ClInclude Include="..\code\gpucachetypes.h">
      <Filter>GPU Cache</Filter>
    </ClInclude>
    <ClInclude Include="..\code\gpucacheloadervisitorimpl.h">
      <Filter>GPU Cache</Filter>
    </ClInclude>
    <ClInclude Include="..\code\gpucachesaverquery.h">
      <Filter>GPU Cache</Filter>
    </ClInclude>
  </ItemGroup>
</Project>